
Microsoft Visual Studio Solution File, Format Version 12.00
# Visual Studio 15
VisualStudioVersion = 15.0.28307.852
MinimumVisualStudioVersion = 10.0.40219.1
Project("{FAE04EC0-301F-11D3-BF4B-00C04F79EFBC}") = "TrackerLibrary", "TrackerLibrary\TrackerLibrary.csproj", "{5202FE55-420B-4487-9952-0670D977D55D}"
EndProject
Global
	GlobalSection(SolutionConfigurationPlatforms) = preSolution
		Debug|Any CPU = Debug|Any CPU
		Release|Any CPU = Release|Any CPU
	EndGlobalSection
	GlobalSection(ProjectConfigurationPlatforms) = postSolution
		{5202FE55-420B-4487-9952-0670D977D55D}.Debug|Any CPU.ActiveCfg = Debug|Any CPU
		{5202FE55-420B-4487-9952-0670D977D55D}.Debug|Any CPU.Build.0 = Debug|Any CPU
		{5202FE55-420B-4487-9952-0670D977D55D}.Release|Any CPU.ActiveCfg = Release|Any CPU
		{5202FE55-420B-4487-9952-0670D977D55D}.Release|Any CPU.Build.0 = Release|Any CPU
	EndGlobalSection
	GlobalSection(SolutionProperties) = preSolution
		HideSolutionNode = FALSE
	EndGlobalSection
	GlobalSection(ExtensibilityGlobals) = postSolution
		SolutionGuid = {8A7DA367-54C8-421C-ACFC-D5DE5F0159CE}
	EndGlobalSection
EndGlobal
